
Microsoft Visual Studio Solution File, Format Version 12.00
# Visual Studio Version 16
VisualStudioVersion = 16.0.32002.261
MinimumVisualStudioVersion = 10.0.40219.1
Project("{FAE04EC0-301F-11D3-BF4B-00C04F79EFBC}") = "BankService", "BankService\BankService.csproj", "{118B99B3-B70A-4A53-B5D7-176749C7F0B0}"
EndProject
Global
	GlobalSection(SolutionConfigurationPlatforms) = preSolution
		Debug|Any CPU = Debug|Any CPU
		Release|Any CPU = Release|Any CPU
	EndGlobalSection
	GlobalSection(ProjectConfigurationPlatforms) = postSolution
		{118B99B3-B70A-4A53-B5D7-176749C7F0B0}.Debug|Any CPU.ActiveCfg = Debug|Any CPU
		{118B99B3-B70A-4A53-B5D7-176749C7F0B0}.Debug|Any CPU.Build.0 = Debug|Any CPU
		{118B99B3-B70A-4A53-B5D7-176749C7F0B0}.Release|Any CPU.ActiveCfg = Release|Any CPU
		{118B99B3-B70A-4A53-B5D7-176749C7F0B0}.Release|Any CPU.Build.0 = Release|Any CPU
	EndGlobalSection
	GlobalSection(SolutionProperties) = preSolution
		HideSolutionNode = FALSE
	EndGlobalSection
	GlobalSection(ExtensibilityGlobals) = postSolution
		SolutionGuid = {F8D4C22A-C8D0-4CB3-ABAE-C87988A04265}
	EndGlobalSection
EndGlobal
